
Microsoft Visual Studio Solution File, Format Version 12.00
# Visual Studio Version 17
VisualStudioVersion = 17.3.32901.215
MinimumVisualStudioVersion = 10.0.40219.1
Project("{FAE04EC0-301F-11D3-BF4B-00C04F79EFBC}") = "HfutIE.Cache", "HfutIE.Cache\HfutIE.Cache.csproj", "{E984E0CC-2C1A-4812-9B71-40FA086F0F86}"
EndProject
Project("{2150E333-8FDC-42A3-9474-1A3956D46DE8}") = "01 HfutIE.Framework", "01 HfutIE.Framework", "{AA1B776E-1134-4C01-BB81-BCE050E3D772}"
EndProject
Project("{FAE04EC0-301F-11D3-BF4B-00C04F79EFBC}") = "HfutIE.Utilities", "HfutIE.Utilities\HfutIE.Utilities.csproj", "{3FF4EC75-7D1D-48DA-9D08-8DB021D011EA}"
EndProject
Project("{2150E333-8FDC-42A3-9474-1A3956D46DE8}") = "02 HfutIE.DataAccess", "02 HfutIE.DataAccess", "{89F7BDC6-A86C-43D9-8B24-5148CC207063}"
EndProject
Project("{FAE04EC0-301F-11D3-BF4B-00C04F79EFBC}") = "HfutIE.DataAccess", "HfutIE.DataAccess\HfutIE.DataAccess.csproj", "{0C8324B3-DF14-45F5-9D20-D5FBBA4E3278}"
EndProject
Project("{2150E333-8FDC-42A3-9474-1A3956D46DE8}") = "03 HfutIE.Service", "03 HfutIE.Service", "{530BD766-FBCE-4889-96A1-B6FCEEF9197B}"
EndProject
Project("{FAE04EC0-301F-11D3-BF4B-00C04F79EFBC}") = "HfutIE.Business", "HfutIE.Business\HfutIE.Business.csproj", "{83AEDA4A-ABDA-408F-956D-F664F05C1D6C}"
EndProject
Project("{FAE04EC0-301F-11D3-BF4B-00C04F79EFBC}") = "HfutIE.Entity", "HfutIE.Entity\HfutIE.Entity.csproj", "{BC2B9D63-B819-4275-B8DF-2F4C9A598621}"
EndProject
Project("{FAE04EC0-301F-11D3-BF4B-00C04F79EFBC}") = "HfutIE.Repository", "HfutIE.Repository\HfutIE.Repository.csproj", "{E0B30F33-66F0-4B5D-A788-2B511DAE3530}"
EndProject
Project("{2150E333-8FDC-42A3-9474-1A3956D46DE8}") = "HfutIE.UI", "HfutIE.UI", "{BBB13585-9EA5-4EFE-9E89-5AD3B4C3D1CF}"
EndProject
Project("{FAE04EC0-301F-11D3-BF4B-00C04F79EFBC}") = "HfutIE.WebApp", "HfutIE.WebApp\HfutIE.WebApp.csproj", "{0A1CD819-5D17-4BF3-AFA4-A0B70996C2A3}"
EndProject
Project("{FAE04EC0-301F-11D3-BF4B-00C04F79EFBC}") = "HfutIE.Resource", "HfutIE.Resource\HfutIE.Resource.csproj", "{90D79C78-E2DC-42E9-92A3-5426E5697D01}"
EndProject
Global
	GlobalSection(SolutionConfigurationPlatforms) = preSolution
		Debug|Any CPU = Debug|Any CPU
		Release|Any CPU = Release|Any CPU
	EndGlobalSection
	GlobalSection(ProjectConfigurationPlatforms) = postSolution
		{E984E0CC-2C1A-4812-9B71-40FA086F0F86}.Debug|Any CPU.ActiveCfg = Debug|Any CPU
		{E984E0CC-2C1A-4812-9B71-40FA086F0F86}.Debug|Any CPU.Build.0 = Debug|Any CPU
		{E984E0CC-2C1A-4812-9B71-40FA086F0F86}.Release|Any CPU.ActiveCfg = Release|Any CPU
		{E984E0CC-2C1A-4812-9B71-40FA086F0F86}.Release|Any CPU.Build.0 = Release|Any CPU
		{3FF4EC75-7D1D-48DA-9D08-8DB021D011EA}.Debug|Any CPU.ActiveCfg = Debug|Any CPU
		{3FF4EC75-7D1D-48DA-9D08-8DB021D011EA}.Debug|Any CPU.Build.0 = Debug|Any CPU
		{3FF4EC75-7D1D-48DA-9D08-8DB021D011EA}.Release|Any CPU.ActiveCfg = Release|Any CPU
		{3FF4EC75-7D1D-48DA-9D08-8DB021D011EA}.Release|Any CPU.Build.0 = Release|Any CPU
		{0C8324B3-DF14-45F5-9D20-D5FBBA4E3278}.Debug|Any CPU.ActiveCfg = Debug|Any CPU
		{0C8324B3-DF14-45F5-9D20-D5FBBA4E3278}.Debug|Any CPU.Build.0 = Debug|Any CPU
		{0C8324B3-DF14-45F5-9D20-D5FBBA4E3278}.Release|Any CPU.ActiveCfg = Release|Any CPU
		{0C8324B3-DF14-45F5-9D20-D5FBBA4E3278}.Release|Any CPU.Build.0 = Release|Any CPU
		{83AEDA4A-ABDA-408F-956D-F664F05C1D6C}.Debug|Any CPU.ActiveCfg = Debug|Any CPU
		{83AEDA4A-ABDA-408F-956D-F664F05C1D6C}.Debug|Any CPU.Build.0 = Debug|Any CPU
		{83AEDA4A-ABDA-408F-956D-F664F05C1D6C}.Release|Any CPU.ActiveCfg = Release|Any CPU
		{83AEDA4A-ABDA-408F-956D-F664F05C1D6C}.Release|Any CPU.Build.0 = Release|Any CPU
		{BC2B9D63-B819-4275-B8DF-2F4C9A598621}.Debug|Any CPU.ActiveCfg = Debug|Any CPU
		{BC2B9D63-B819-4275-B8DF-2F4C9A598621}.Debug|Any CPU.Build.0 = Debug|Any CPU
		{BC2B9D63-B819-4275-B8DF-2F4C9A598621}.Release|Any CPU.ActiveCfg = Release|Any CPU
		{BC2B9D63-B819-4275-B8DF-2F4C9A598621}.Release|Any CPU.Build.0 = Release|Any CPU
		{E0B30F33-66F0-4B5D-A788-2B511DAE3530}.Debug|Any CPU.ActiveCfg = Debug|Any CPU
		{E0B30F33-66F0-4B5D-A788-2B511DAE3530}.Debug|Any CPU.Build.0 = Debug|Any CPU
		{E0B30F33-66F0-4B5D-A788-2B511DAE3530}.Release|Any CPU.ActiveCfg = Release|Any CPU
		{E0B30F33-66F0-4B5D-A788-2B511DAE3530}.Release|Any CPU.Build.0 = Release|Any CPU
		{0A1CD819-5D17-4BF3-AFA4-A0B70996C2A3}.Debug|Any CPU.ActiveCfg = Debug|Any CPU
		{0A1CD819-5D17-4BF3-AFA4-A0B70996C2A3}.Debug|Any CPU.Build.0 = Debug|Any CPU
		{0A1CD819-5D17-4BF3-AFA4-A0B70996C2A3}.Release|Any CPU.ActiveCfg = Release|Any CPU
		{0A1CD819-5D17-4BF3-AFA4-A0B70996C2A3}.Release|Any CPU.Build.0 = Release|Any CPU
		{90D79C78-E2DC-42E9-92A3-5426E5697D01}.Debug|Any CPU.ActiveCfg = Debug|Any CPU
		{90D79C78-E2DC-42E9-92A3-5426E5697D01}.Debug|Any CPU.Build.0 = Debug|Any CPU
		{90D79C78-E2DC-42E9-92A3-5426E5697D01}.Release|Any CPU.ActiveCfg = Release|Any CPU
		{90D79C78-E2DC-42E9-92A3-5426E5697D01}.Release|Any CPU.Build.0 = Release|Any CPU
	EndGlobalSection
	GlobalSection(SolutionProperties) = preSolution
		HideSolutionNode = FALSE
	EndGlobalSection
	GlobalSection(NestedProjects) = preSolution
		{E984E0CC-2C1A-4812-9B71-40FA086F0F86} = {AA1B776E-1134-4C01-BB81-BCE050E3D772}
		{3FF4EC75-7D1D-48DA-9D08-8DB021D011EA} = {AA1B776E-1134-4C01-BB81-BCE050E3D772}
		{0C8324B3-DF14-45F5-9D20-D5FBBA4E3278} = {89F7BDC6-A86C-43D9-8B24-5148CC207063}
		{83AEDA4A-ABDA-408F-956D-F664F05C1D6C} = {530BD766-FBCE-4889-96A1-B6FCEEF9197B}
		{BC2B9D63-B819-4275-B8DF-2F4C9A598621} = {530BD766-FBCE-4889-96A1-B6FCEEF9197B}
		{E0B30F33-66F0-4B5D-A788-2B511DAE3530} = {530BD766-FBCE-4889-96A1-B6FCEEF9197B}
		{0A1CD819-5D17-4BF3-AFA4-A0B70996C2A3} = {BBB13585-9EA5-4EFE-9E89-5AD3B4C3D1CF}
		{90D79C78-E2DC-42E9-92A3-5426E5697D01} = {AA1B776E-1134-4C01-BB81-BCE050E3D772}
	EndGlobalSection
	GlobalSection(ExtensibilityGlobals) = postSolution
		SolutionGuid = {CC931DD9-ABC5-4B06-8184-437610AFAA16}
	EndGlobalSection
EndGlobal
